// !$*UTF8*$!
{
	archiveVersion = 1;
	classes = {
	};
	objectVersion = 56;
	objects = {

/* Begin PBXBuildFile section */
		B10000000000000000000001 /* CodexQuotaViewApp.swift in Sources */ = {isa = PBXBuildFile; fileRef = F10000000000000000000001 /* CodexQuotaViewApp.swift */; };
		B10000000000000000000002 /* CodexStatusStore.swift in Sources */ = {isa = PBXBuildFile; fileRef = F10000000000000000000002 /* CodexStatusStore.swift */; };
		B10000000000000000000003 /* MenuBarView.swift in Sources */ = {isa = PBXBuildFile; fileRef = F10000000000000000000003 /* MenuBarView.swift */; };
		B10000000000000000000004 /* CodexQuotaViewCore.framework in Frameworks */ = {isa = PBXBuildFile; fileRef = F1000000000000000000000E /* CodexQuotaViewCore.framework */; };
		B10000000000000000000005 /* Assets.xcassets in Resources */ = {isa = PBXBuildFile; fileRef = F1000000000000000000000D /* Assets.xcassets */; };
		B10000000000000000000006 /* CodexAppServerClient.swift in Sources */ = {isa = PBXBuildFile; fileRef = F10000000000000000000004 /* CodexAppServerClient.swift */; };
		B10000000000000000000007 /* CodexExecutableLocator.swift in Sources */ = {isa = PBXBuildFile; fileRef = F10000000000000000000005 /* CodexExecutableLocator.swift */; };
		B10000000000000000000008 /* CodexModels.swift in Sources */ = {isa = PBXBuildFile; fileRef = F10000000000000000000006 /* CodexModels.swift */; };
		B10000000000000000000009 /* CodexAppServerClientTests.swift in Sources */ = {isa = PBXBuildFile; fileRef = F10000000000000000000007 /* CodexAppServerClientTests.swift */; };
		B1000000000000000000000A /* CodexModelsTests.swift in Sources */ = {isa = PBXBuildFile; fileRef = F10000000000000000000008 /* CodexModelsTests.swift */; };
		B1000000000000000000000B /* CodexQuotaViewCore.framework in Frameworks */ = {isa = PBXBuildFile; fileRef = F1000000000000000000000E /* CodexQuotaViewCore.framework */; };
		B1000000000000000000000C /* CodexQuotaViewCore.framework in Embed Frameworks */ = {isa = PBXBuildFile; fileRef = F1000000000000000000000E /* CodexQuotaViewCore.framework */; settings = {ATTRIBUTES = (CodeSignOnCopy, RemoveHeadersOnCopy, ); }; };
		B1000000000000000000000D /* AppPreferences.swift in Sources */ = {isa = PBXBuildFile; fileRef = F10000000000000000000011 /* AppPreferences.swift */; };
		B1000000000000000000000E /* CodexTheme.swift in Sources */ = {isa = PBXBuildFile; fileRef = F10000000000000000000012 /* CodexTheme.swift */; };
		B1000000000000000000000F /* SettingsView.swift in Sources */ = {isa = PBXBuildFile; fileRef = F10000000000000000000013 /* SettingsView.swift */; };
		B10000000000000000000010 /* MenuBarPanelController.swift in Sources */ = {isa = PBXBuildFile; fileRef = F10000000000000000000014 /* MenuBarPanelController.swift */; };
		B10000000000000000000011 /* AstaSansFont.swift in Sources */ = {isa = PBXBuildFile; fileRef = F10000000000000000000015 /* AstaSansFont.swift */; };
		B10000000000000000000012 /* CodexQuotaViewFigmaMenu.swift in Sources */ = {isa = PBXBuildFile; fileRef = F10000000000000000000016 /* CodexQuotaViewFigmaMenu.swift */; };
		B10000000000000000000013 /* Fonts in Resources */ = {isa = PBXBuildFile; fileRef = F10000000000000000000017 /* Fonts */; };
		B10000000000000000000014 /* CodexQuotaViewFigmaResetMenu.swift in Sources */ = {isa = PBXBuildFile; fileRef = F10000000000000000000018 /* CodexQuotaViewFigmaResetMenu.swift */; };
		B10000000000000000000015 /* DomainModels.swift in Sources */ = {isa = PBXBuildFile; fileRef = F10000000000000000000019 /* DomainModels.swift */; };
		B10000000000000000000016 /* ProviderArchitecture.swift in Sources */ = {isa = PBXBuildFile; fileRef = F1000000000000000000001A /* ProviderArchitecture.swift */; };
		B10000000000000000000017 /* RefreshCoordinator.swift in Sources */ = {isa = PBXBuildFile; fileRef = F1000000000000000000001B /* RefreshCoordinator.swift */; };
		B10000000000000000000018 /* AccountOperations.swift in Sources */ = {isa = PBXBuildFile; fileRef = F1000000000000000000001C /* AccountOperations.swift */; };
		B10000000000000000000019 /* CodexProviderAdapter.swift in Sources */ = {isa = PBXBuildFile; fileRef = F1000000000000000000001D /* CodexProviderAdapter.swift */; };
		B1000000000000000000001A /* CurrentCodexPresentation.swift in Sources */ = {isa = PBXBuildFile; fileRef = F1000000000000000000001E /* CurrentCodexPresentation.swift */; };
		B1000000000000000000001B /* ArchitectureTests.swift in Sources */ = {isa = PBXBuildFile; fileRef = F1000000000000000000001F /* ArchitectureTests.swift */; };
		B1000000000000000000001C /* CodexQuotaViewWidgetSnapshotWriter.swift in Sources */ = {isa = PBXBuildFile; fileRef = F10000000000000000000020 /* CodexQuotaViewWidgetSnapshotWriter.swift */; };
		B1000000000000000000001D /* WidgetSnapshot.swift in Sources */ = {isa = PBXBuildFile; fileRef = F10000000000000000000021 /* WidgetSnapshot.swift */; };
		B1000000000000000000001E /* WidgetSnapshot.swift in Sources */ = {isa = PBXBuildFile; fileRef = F10000000000000000000021 /* WidgetSnapshot.swift */; };
		B1000000000000000000001F /* CodexQuotaViewWidget.swift in Sources */ = {isa = PBXBuildFile; fileRef = F10000000000000000000022 /* CodexQuotaViewWidget.swift */; };
		B10000000000000000000021 /* CodexQuotaViewWidgetExtension.appex in Embed App Extensions */ = {isa = PBXBuildFile; fileRef = F10000000000000000000028 /* CodexQuotaViewWidgetExtension.appex */; settings = {ATTRIBUTES = (CodeSignOnCopy, RemoveHeadersOnCopy, ); }; };
		B10000000000000000000022 /* Localizable.xcstrings in Resources */ = {isa = PBXBuildFile; fileRef = F10000000000000000000029 /* Localizable.xcstrings */; };
		B10000000000000000000023 /* AstaSansFont.swift in Sources */ = {isa = PBXBuildFile; fileRef = F10000000000000000000015 /* AstaSansFont.swift */; };
		B10000000000000000000024 /* Fonts in Resources */ = {isa = PBXBuildFile; fileRef = F10000000000000000000017 /* Fonts */; };
		B10000000000000000000025 /* WidgetAssets.xcassets in Resources */ = {isa = PBXBuildFile; fileRef = F1000000000000000000002A /* WidgetAssets.xcassets */; };
		B10000000000000000000026 /* CodexActivityModels.swift in Sources */ = {isa = PBXBuildFile; fileRef = F1000000000000000000002B /* CodexActivityModels.swift */; };
		B10000000000000000000027 /* CodexActivityRuntime.swift in Sources */ = {isa = PBXBuildFile; fileRef = F1000000000000000000002C /* CodexActivityRuntime.swift */; };
		B10000000000000000000028 /* CodexActivityIsland.swift in Sources */ = {isa = PBXBuildFile; fileRef = F1000000000000000000002D /* CodexActivityIsland.swift */; };
		B10000000000000000000029 /* main.swift in Sources */ = {isa = PBXBuildFile; fileRef = F1000000000000000000002E /* main.swift */; };
		B1000000000000000000002A /* CodexQuotaViewActivityHook in Embed Helpers */ = {isa = PBXBuildFile; fileRef = F1000000000000000000002F /* CodexQuotaViewActivityHook */; settings = {ATTRIBUTES = (CodeSignOnCopy, ); }; };
		B1000000000000000000002B /* AppUpdateController.swift in Sources */ = {isa = PBXBuildFile; fileRef = F10000000000000000000030 /* AppUpdateController.swift */; };
		B1000000000000000000002C /* Sparkle in Frameworks */ = {isa = PBXBuildFile; productRef = P20000000000000000000001 /* Sparkle */; };
/* End PBXBuildFile section */

/* Begin PBXContainerItemProxy section */
		C10000000000000000000001 /* PBXContainerItemProxy */ = {
			isa = PBXContainerItemProxy;
			containerPortal = E10000000000000000000001 /* Project object */;
			proxyType = 1;
			remoteGlobalIDString = A10000000000000000000002;
			remoteInfo = CodexQuotaViewCore;
		};
		C10000000000000000000002 /* PBXContainerItemProxy */ = {
			isa = PBXContainerItemProxy;
			containerPortal = E10000000000000000000001 /* Project object */;
			proxyType = 1;
			remoteGlobalIDString = A10000000000000000000002;
			remoteInfo = CodexQuotaViewCore;
		};
		C10000000000000000000003 /* PBXContainerItemProxy */ = {
			isa = PBXContainerItemProxy;
			containerPortal = E10000000000000000000001 /* Project object */;
			proxyType = 1;
			remoteGlobalIDString = A10000000000000000000004;
			remoteInfo = CodexQuotaViewWidgetExtension;
		};
		C10000000000000000000004 /* PBXContainerItemProxy */ = {
			isa = PBXContainerItemProxy;
			containerPortal = E10000000000000000000001 /* Project object */;
			proxyType = 1;
			remoteGlobalIDString = A10000000000000000000005;
			remoteInfo = CodexQuotaViewActivityHook;
		};
/* End PBXContainerItemProxy section */

/* Begin PBXCopyFilesBuildPhase section */
		D20000000000000000000001 /* Embed Frameworks */ = {
			isa = PBXCopyFilesBuildPhase;
			buildActionMask = 2147483647;
			dstPath = "";
			dstSubfolderSpec = 10;
			files = (
				B1000000000000000000000C /* CodexQuotaViewCore.framework in Embed Frameworks */,
			);
			name = "Embed Frameworks";
			runOnlyForDeploymentPostprocessing = 0;
		};
		D20000000000000000000002 /* Embed App Extensions */ = {
			isa = PBXCopyFilesBuildPhase;
			buildActionMask = 2147483647;
			dstPath = "";
			dstSubfolderSpec = 13;
			files = (
				B10000000000000000000021 /* CodexQuotaViewWidgetExtension.appex in Embed App Extensions */,
			);
			name = "Embed App Extensions";
			runOnlyForDeploymentPostprocessing = 0;
		};
		D20000000000000000000003 /* Embed Helpers */ = {
			isa = PBXCopyFilesBuildPhase;
			buildActionMask = 2147483647;
			dstPath = Contents/Helpers;
			dstSubfolderSpec = 1;
			files = (
				B1000000000000000000002A /* CodexQuotaViewActivityHook in Embed Helpers */,
			);
			name = "Embed Helpers";
			runOnlyForDeploymentPostprocessing = 0;
		};
/* End PBXCopyFilesBuildPhase section */

/* Begin PBXFileReference section */
		F10000000000000000000001 /* CodexQuotaViewApp.swift */ = {isa = PBXFileReference; lastKnownFileType = sourcecode.swift; path = QuotaViewApp.swift; sourceTree = "<group>"; };
		F10000000000000000000002 /* CodexStatusStore.swift */ = {isa = PBXFileReference; lastKnownFileType = sourcecode.swift; path = CodexStatusStore.swift; sourceTree = "<group>"; };
		F10000000000000000000003 /* MenuBarView.swift */ = {isa = PBXFileReference; lastKnownFileType = sourcecode.swift; path = MenuBarView.swift; sourceTree = "<group>"; };
		F10000000000000000000004 /* CodexAppServerClient.swift */ = {isa = PBXFileReference; lastKnownFileType = sourcecode.swift; path = CodexAppServerClient.swift; sourceTree = "<group>"; };
		F10000000000000000000005 /* CodexExecutableLocator.swift */ = {isa = PBXFileReference; lastKnownFileType = sourcecode.swift; path = CodexExecutableLocator.swift; sourceTree = "<group>"; };
		F10000000000000000000006 /* CodexModels.swift */ = {isa = PBXFileReference; lastKnownFileType = sourcecode.swift; path = CodexModels.swift; sourceTree = "<group>"; };
		F10000000000000000000007 /* CodexAppServerClientTests.swift */ = {isa = PBXFileReference; lastKnownFileType = sourcecode.swift; path = CodexAppServerClientTests.swift; sourceTree = "<group>"; };
		F10000000000000000000008 /* CodexModelsTests.swift */ = {isa = PBXFileReference; lastKnownFileType = sourcecode.swift; path = CodexModelsTests.swift; sourceTree = "<group>"; };
		F10000000000000000000009 /* Shared.xcconfig */ = {isa = PBXFileReference; lastKnownFileType = text.xcconfig; path = Shared.xcconfig; sourceTree = "<group>"; };
		F1000000000000000000000A /* App.xcconfig */ = {isa = PBXFileReference; lastKnownFileType = text.xcconfig; path = App.xcconfig; sourceTree = "<group>"; };
		F1000000000000000000000B /* Core.xcconfig */ = {isa = PBXFileReference; lastKnownFileType = text.xcconfig; path = Core.xcconfig; sourceTree = "<group>"; };
		F1000000000000000000000C /* Tests.xcconfig */ = {isa = PBXFileReference; lastKnownFileType = text.xcconfig; path = Tests.xcconfig; sourceTree = "<group>"; };
		F1000000000000000000000D /* Assets.xcassets */ = {isa = PBXFileReference; lastKnownFileType = folder.assetcatalog; path = Assets.xcassets; sourceTree = "<group>"; };
		F1000000000000000000000E /* CodexQuotaViewCore.framework */ = {isa = PBXFileReference; explicitFileType = wrapper.framework; includeInIndex = 0; path = CodexQuotaViewCore.framework; sourceTree = BUILT_PRODUCTS_DIR; };
		F1000000000000000000000F /* CodexQuotaView.app */ = {isa = PBXFileReference; explicitFileType = wrapper.application; includeInIndex = 0; path = CodexQuotaView.app; sourceTree = BUILT_PRODUCTS_DIR; };
		F10000000000000000000010 /* CodexQuotaViewTests.xctest */ = {isa = PBXFileReference; explicitFileType = wrapper.cfbundle; includeInIndex = 0; path = CodexQuotaViewTests.xctest; sourceTree = BUILT_PRODUCTS_DIR; };
		F10000000000000000000011 /* AppPreferences.swift */ = {isa = PBXFileReference; lastKnownFileType = sourcecode.swift; path = AppPreferences.swift; sourceTree = "<group>"; };
		F10000000000000000000012 /* CodexTheme.swift */ = {isa = PBXFileReference; lastKnownFileType = sourcecode.swift; path = CodexTheme.swift; sourceTree = "<group>"; };
		F10000000000000000000013 /* SettingsView.swift */ = {isa = PBXFileReference; lastKnownFileType = sourcecode.swift; path = SettingsView.swift; sourceTree = "<group>"; };
		F10000000000000000000014 /* MenuBarPanelController.swift */ = {isa = PBXFileReference; lastKnownFileType = sourcecode.swift; path = MenuBarPanelController.swift; sourceTree = "<group>"; };
		F10000000000000000000015 /* AstaSansFont.swift */ = {isa = PBXFileReference; lastKnownFileType = sourcecode.swift; path = AstaSansFont.swift; sourceTree = "<group>"; };
		F10000000000000000000016 /* CodexQuotaViewFigmaMenu.swift */ = {isa = PBXFileReference; lastKnownFileType = sourcecode.swift; path = QuotaViewFigmaMenu.swift; sourceTree = "<group>"; };
		F10000000000000000000017 /* Fonts */ = {isa = PBXFileReference; lastKnownFileType = folder; path = Fonts; sourceTree = "<group>"; };
		F10000000000000000000018 /* CodexQuotaViewFigmaResetMenu.swift */ = {isa = PBXFileReference; lastKnownFileType = sourcecode.swift; path = QuotaViewFigmaResetMenu.swift; sourceTree = "<group>"; };
		F10000000000000000000019 /* DomainModels.swift */ = {isa = PBXFileReference; lastKnownFileType = sourcecode.swift; path = DomainModels.swift; sourceTree = "<group>"; };
		F1000000000000000000001A /* ProviderArchitecture.swift */ = {isa = PBXFileReference; lastKnownFileType = sourcecode.swift; path = ProviderArchitecture.swift; sourceTree = "<group>"; };
		F1000000000000000000001B /* RefreshCoordinator.swift */ = {isa = PBXFileReference; lastKnownFileType = sourcecode.swift; path = RefreshCoordinator.swift; sourceTree = "<group>"; };
		F1000000000000000000001C /* AccountOperations.swift */ = {isa = PBXFileReference; lastKnownFileType = sourcecode.swift; path = AccountOperations.swift; sourceTree = "<group>"; };
		F1000000000000000000001D /* CodexProviderAdapter.swift */ = {isa = PBXFileReference; lastKnownFileType = sourcecode.swift; path = CodexProviderAdapter.swift; sourceTree = "<group>"; };
		F1000000000000000000001E /* CurrentCodexPresentation.swift */ = {isa = PBXFileReference; lastKnownFileType = sourcecode.swift; path = CurrentCodexPresentation.swift; sourceTree = "<group>"; };
		F1000000000000000000001F /* ArchitectureTests.swift */ = {isa = PBXFileReference; lastKnownFileType = sourcecode.swift; path = ArchitectureTests.swift; sourceTree = "<group>"; };
		F10000000000000000000020 /* CodexQuotaViewWidgetSnapshotWriter.swift */ = {isa = PBXFileReference; lastKnownFileType = sourcecode.swift; path = QuotaViewWidgetSnapshotWriter.swift; sourceTree = "<group>"; };
		F10000000000000000000021 /* WidgetSnapshot.swift */ = {isa = PBXFileReference; lastKnownFileType = sourcecode.swift; path = WidgetSnapshot.swift; sourceTree = "<group>"; };
		F10000000000000000000022 /* CodexQuotaViewWidget.swift */ = {isa = PBXFileReference; lastKnownFileType = sourcecode.swift; path = QuotaViewWidget.swift; sourceTree = "<group>"; };
		F10000000000000000000023 /* WidgetSnapshotWriterTests.swift */ = {isa = PBXFileReference; lastKnownFileType = sourcecode.swift; path = WidgetSnapshotWriterTests.swift; sourceTree = "<group>"; };
		F10000000000000000000024 /* Widget.xcconfig */ = {isa = PBXFileReference; lastKnownFileType = text.xcconfig; path = Widget.xcconfig; sourceTree = "<group>"; };
		F10000000000000000000025 /* CodexQuotaView.entitlements */ = {isa = PBXFileReference; lastKnownFileType = text.plist.entitlements; path = CodexQuotaView.entitlements; sourceTree = "<group>"; };
		F10000000000000000000026 /* CodexQuotaViewWidget.entitlements */ = {isa = PBXFileReference; lastKnownFileType = text.plist.entitlements; path = CodexQuotaViewWidget.entitlements; sourceTree = "<group>"; };
		F10000000000000000000027 /* CodexQuotaViewWidget-Info.plist */ = {isa = PBXFileReference; lastKnownFileType = text.plist.xml; path = "CodexQuotaViewWidget-Info.plist"; sourceTree = "<group>"; };
		F10000000000000000000028 /* CodexQuotaViewWidgetExtension.appex */ = {isa = PBXFileReference; explicitFileType = "wrapper.app-extension"; includeInIndex = 0; path = CodexQuotaViewWidgetExtension.appex; sourceTree = BUILT_PRODUCTS_DIR; };
		F10000000000000000000029 /* Localizable.xcstrings */ = {isa = PBXFileReference; lastKnownFileType = text.json.xcstrings; path = Localizable.xcstrings; sourceTree = "<group>"; };
		F1000000000000000000002A /* WidgetAssets.xcassets */ = {isa = PBXFileReference; lastKnownFileType = folder.assetcatalog; path = WidgetAssets.xcassets; sourceTree = "<group>"; };
		F1000000000000000000002B /* CodexActivityModels.swift */ = {isa = PBXFileReference; lastKnownFileType = sourcecode.swift; path = CodexActivityModels.swift; sourceTree = "<group>"; };
		F1000000000000000000002C /* CodexActivityRuntime.swift */ = {isa = PBXFileReference; lastKnownFileType = sourcecode.swift; path = CodexActivityRuntime.swift; sourceTree = "<group>"; };
		F1000000000000000000002D /* CodexActivityIsland.swift */ = {isa = PBXFileReference; lastKnownFileType = sourcecode.swift; path = CodexActivityIsland.swift; sourceTree = "<group>"; };
		F1000000000000000000002E /* main.swift */ = {isa = PBXFileReference; lastKnownFileType = sourcecode.swift; path = main.swift; sourceTree = "<group>"; };
		F1000000000000000000002F /* CodexQuotaViewActivityHook */ = {isa = PBXFileReference; explicitFileType = "compiled.mach-o.executable"; includeInIndex = 0; path = QuotaViewActivityHook; sourceTree = BUILT_PRODUCTS_DIR; };
		F10000000000000000000030 /* AppUpdateController.swift */ = {isa = PBXFileReference; lastKnownFileType = sourcecode.swift; path = AppUpdateController.swift; sourceTree = "<group>"; };
/* End PBXFileReference section */

/* Begin PBXFrameworksBuildPhase section */
		D10000000000000000000001 /* Frameworks */ = {
			isa = PBXFrameworksBuildPhase;
			buildActionMask = 2147483647;
			files = (
				B10000000000000000000004 /* CodexQuotaViewCore.framework in Frameworks */,
				B1000000000000000000002C /* Sparkle in Frameworks */,
			);
			runOnlyForDeploymentPostprocessing = 0;
		};
		D10000000000000000000002 /* Frameworks */ = {
			isa = PBXFrameworksBuildPhase;
			buildActionMask = 2147483647;
			files = (
			);
			runOnlyForDeploymentPostprocessing = 0;
		};
		D10000000000000000000003 /* Frameworks */ = {
			isa = PBXFrameworksBuildPhase;
			buildActionMask = 2147483647;
			files = (
				B1000000000000000000000B /* CodexQuotaViewCore.framework in Frameworks */,
			);
			runOnlyForDeploymentPostprocessing = 0;
		};
		D10000000000000000000004 /* Frameworks */ = {
			isa = PBXFrameworksBuildPhase;
			buildActionMask = 2147483647;
			files = (
			);
			runOnlyForDeploymentPostprocessing = 0;
		};
		D10000000000000000000005 /* Frameworks */ = {
			isa = PBXFrameworksBuildPhase;
			buildActionMask = 2147483647;
			files = (
			);
			runOnlyForDeploymentPostprocessing = 0;
		};
/* End PBXFrameworksBuildPhase section */

/* Begin PBXGroup section */
		G10000000000000000000001 = {
			isa = PBXGroup;
			children = (
				G10000000000000000000002 /* Sources */,
				G10000000000000000000005 /* Tests */,
				G10000000000000000000006 /* Resources */,
				G10000000000000000000007 /* Configs */,
				G1000000000000000000000B /* Support */,
				G10000000000000000000008 /* Products */,
			);
			sourceTree = "<group>";
		};
		G10000000000000000000002 /* Sources */ = {
			isa = PBXGroup;
			children = (
				G10000000000000000000003 /* CodexQuotaView */,
				G10000000000000000000004 /* CodexQuotaViewCore */,
				G10000000000000000000009 /* CodexQuotaViewWidgetContract */,
				G1000000000000000000000A /* CodexQuotaViewWidget */,
				G1000000000000000000000C /* CodexQuotaViewActivityHook */,
			);
			path = Sources;
			sourceTree = "<group>";
		};
		G10000000000000000000003 /* CodexQuotaView */ = {
			isa = PBXGroup;
			children = (
				F10000000000000000000001 /* CodexQuotaViewApp.swift */,
				F10000000000000000000030 /* AppUpdateController.swift */,
				F10000000000000000000002 /* CodexStatusStore.swift */,
				F10000000000000000000003 /* MenuBarView.swift */,
				F10000000000000000000011 /* AppPreferences.swift */,
				F10000000000000000000012 /* CodexTheme.swift */,
				F10000000000000000000013 /* SettingsView.swift */,
				F10000000000000000000014 /* MenuBarPanelController.swift */,
				F10000000000000000000015 /* AstaSansFont.swift */,
				F10000000000000000000016 /* CodexQuotaViewFigmaMenu.swift */,
				F10000000000000000000018 /* CodexQuotaViewFigmaResetMenu.swift */,
				F1000000000000000000001E /* CurrentCodexPresentation.swift */,
				F10000000000000000000020 /* CodexQuotaViewWidgetSnapshotWriter.swift */,
				F1000000000000000000002C /* CodexActivityRuntime.swift */,
				F1000000000000000000002D /* CodexActivityIsland.swift */,
			);
			path = QuotaView;
			sourceTree = "<group>";
		};
		G10000000000000000000004 /* CodexQuotaViewCore */ = {
			isa = PBXGroup;
			children = (
				F10000000000000000000004 /* CodexAppServerClient.swift */,
				F10000000000000000000005 /* CodexExecutableLocator.swift */,
				F10000000000000000000006 /* CodexModels.swift */,
				F10000000000000000000019 /* DomainModels.swift */,
				F1000000000000000000001A /* ProviderArchitecture.swift */,
				F1000000000000000000001B /* RefreshCoordinator.swift */,
				F1000000000000000000001C /* AccountOperations.swift */,
				F1000000000000000000001D /* CodexProviderAdapter.swift */,
				F1000000000000000000002B /* CodexActivityModels.swift */,
			);
			path = QuotaViewCore;
			sourceTree = "<group>";
		};
		G10000000000000000000009 /* CodexQuotaViewWidgetContract */ = {
			isa = PBXGroup;
			children = (
				F10000000000000000000021 /* WidgetSnapshot.swift */,
			);
			path = QuotaViewWidgetContract;
			sourceTree = "<group>";
		};
		G1000000000000000000000A /* CodexQuotaViewWidget */ = {
			isa = PBXGroup;
			children = (
				F10000000000000000000022 /* CodexQuotaViewWidget.swift */,
				F10000000000000000000029 /* Localizable.xcstrings */,
				F1000000000000000000002A /* WidgetAssets.xcassets */,
			);
			path = QuotaViewWidget;
			sourceTree = "<group>";
		};
		G1000000000000000000000C /* CodexQuotaViewActivityHook */ = {
			isa = PBXGroup;
			children = (
				F1000000000000000000002E /* main.swift */,
			);
			path = QuotaViewActivityHook;
			sourceTree = "<group>";
		};
		G10000000000000000000005 /* Tests */ = {
			isa = PBXGroup;
			children = (
				F10000000000000000000007 /* CodexAppServerClientTests.swift */,
				F10000000000000000000008 /* CodexModelsTests.swift */,
				F1000000000000000000001F /* ArchitectureTests.swift */,
				F10000000000000000000023 /* WidgetSnapshotWriterTests.swift */,
			);
			path = Tests/CodexQuotaViewCoreTests;
			sourceTree = "<group>";
		};
		G10000000000000000000006 /* Resources */ = {
			isa = PBXGroup;
			children = (
				F1000000000000000000000D /* Assets.xcassets */,
				F10000000000000000000017 /* Fonts */,
			);
			path = Resources;
			sourceTree = "<group>";
		};
		G10000000000000000000007 /* Configs */ = {
			isa = PBXGroup;
			children = (
				F10000000000000000000009 /* Shared.xcconfig */,
				F1000000000000000000000A /* App.xcconfig */,
				F1000000000000000000000B /* Core.xcconfig */,
				F1000000000000000000000C /* Tests.xcconfig */,
				F10000000000000000000024 /* Widget.xcconfig */,
			);
			path = Configs;
			sourceTree = "<group>";
		};
		G1000000000000000000000B /* Support */ = {
			isa = PBXGroup;
			children = (
				F10000000000000000000025 /* CodexQuotaView.entitlements */,
				F10000000000000000000026 /* CodexQuotaViewWidget.entitlements */,
				F10000000000000000000027 /* CodexQuotaViewWidget-Info.plist */,
			);
			path = Support;
			sourceTree = "<group>";
		};
		G10000000000000000000008 /* Products */ = {
			isa = PBXGroup;
			children = (
				F1000000000000000000000F /* CodexQuotaView.app */,
				F1000000000000000000000E /* CodexQuotaViewCore.framework */,
				F10000000000000000000010 /* CodexQuotaViewTests.xctest */,
				F10000000000000000000028 /* CodexQuotaViewWidgetExtension.appex */,
				F1000000000000000000002F /* CodexQuotaViewActivityHook */,
			);
			name = Products;
			sourceTree = "<group>";
		};
/* End PBXGroup section */

/* Begin PBXNativeTarget section */
		A10000000000000000000001 /* CodexQuotaView */ = {
			isa = PBXNativeTarget;
			buildConfigurationList = L10000000000000000000002 /* Build configuration list for PBXNativeTarget "CodexQuotaView" */;
			buildPhases = (
				S10000000000000000000001 /* Sources */,
				D10000000000000000000001 /* Frameworks */,
				D20000000000000000000001 /* Embed Frameworks */,
				R10000000000000000000001 /* Resources */,
				D20000000000000000000002 /* Embed App Extensions */,
				D20000000000000000000003 /* Embed Helpers */,
			);
			buildRules = (
			);
			dependencies = (
				T10000000000000000000001 /* PBXTargetDependency */,
				T10000000000000000000003 /* PBXTargetDependency */,
				T10000000000000000000004 /* PBXTargetDependency */,
			);
			name = CodexQuotaView;
			packageProductDependencies = (
				P20000000000000000000001 /* Sparkle */,
			);
			productName = CodexQuotaView;
			productReference = F1000000000000000000000F /* CodexQuotaView.app */;
			productType = "com.apple.product-type.application";
		};
		A10000000000000000000002 /* CodexQuotaViewCore */ = {
			isa = PBXNativeTarget;
			buildConfigurationList = L10000000000000000000003 /* Build configuration list for PBXNativeTarget "CodexQuotaViewCore" */;
			buildPhases = (
				S10000000000000000000002 /* Sources */,
				D10000000000000000000002 /* Frameworks */,
				R10000000000000000000002 /* Resources */,
			);
			buildRules = (
			);
			dependencies = (
			);
			name = CodexQuotaViewCore;
			productName = CodexQuotaViewCore;
			productReference = F1000000000000000000000E /* CodexQuotaViewCore.framework */;
			productType = "com.apple.product-type.framework";
		};
		A10000000000000000000003 /* CodexQuotaViewTests */ = {
			isa = PBXNativeTarget;
			buildConfigurationList = L10000000000000000000004 /* Build configuration list for PBXNativeTarget "CodexQuotaViewTests" */;
			buildPhases = (
				S10000000000000000000003 /* Sources */,
				D10000000000000000000003 /* Frameworks */,
				R10000000000000000000003 /* Resources */,
			);
			buildRules = (
			);
			dependencies = (
				T10000000000000000000002 /* PBXTargetDependency */,
			);
			name = CodexQuotaViewTests;
			productName = CodexQuotaViewTests;
			productReference = F10000000000000000000010 /* CodexQuotaViewTests.xctest */;
			productType = "com.apple.product-type.bundle.unit-test";
		};
		A10000000000000000000004 /* CodexQuotaViewWidgetExtension */ = {
			isa = PBXNativeTarget;
			buildConfigurationList = L10000000000000000000005 /* Build configuration list for PBXNativeTarget "CodexQuotaViewWidgetExtension" */;
			buildPhases = (
				S10000000000000000000004 /* Sources */,
				D10000000000000000000004 /* Frameworks */,
				R10000000000000000000004 /* Resources */,
			);
			buildRules = (
			);
			dependencies = (
			);
			name = CodexQuotaViewWidgetExtension;
			productName = CodexQuotaViewWidgetExtension;
			productReference = F10000000000000000000028 /* CodexQuotaViewWidgetExtension.appex */;
			productType = "com.apple.product-type.app-extension";
		};
		A10000000000000000000005 /* CodexQuotaViewActivityHook */ = {
			isa = PBXNativeTarget;
			buildConfigurationList = L10000000000000000000006 /* Build configuration list for PBXNativeTarget "CodexQuotaViewActivityHook" */;
			buildPhases = (
				S10000000000000000000005 /* Sources */,
				D10000000000000000000005 /* Frameworks */,
				R10000000000000000000005 /* Resources */,
			);
			buildRules = (
			);
			dependencies = (
			);
			name = CodexQuotaViewActivityHook;
			productName = CodexQuotaViewActivityHook;
			productReference = F1000000000000000000002F /* CodexQuotaViewActivityHook */;
			productType = "com.apple.product-type.tool";
		};
/* End PBXNativeTarget section */

/* Begin PBXProject section */
		E10000000000000000000001 /* Project object */ = {
			isa = PBXProject;
			attributes = {
				BuildIndependentTargetsInParallel = 1;
				LastSwiftUpdateCheck = 2660;
				LastUpgradeCheck = 2660;
				TargetAttributes = {
					A10000000000000000000001 = {
						CreatedOnToolsVersion = 26.6;
						ProvisioningStyle = Automatic;
						SystemCapabilities = {
							com.apple.ApplicationGroups = {
								enabled = 1;
							};
						};
					};
					A10000000000000000000002 = {
						CreatedOnToolsVersion = 26.6;
					};
					A10000000000000000000003 = {
						CreatedOnToolsVersion = 26.6;
					};
					A10000000000000000000004 = {
						CreatedOnToolsVersion = 26.6;
						ProvisioningStyle = Automatic;
						SystemCapabilities = {
							com.apple.ApplicationGroups = {
								enabled = 1;
							};
							com.apple.Sandbox = {
								enabled = 1;
							};
						};
					};
					A10000000000000000000005 = {
						CreatedOnToolsVersion = 26.6;
						ProvisioningStyle = Automatic;
					};
				};
			};
			buildConfigurationList = L10000000000000000000001 /* Build configuration list for PBXProject "CodexQuotaView" */;
			compatibilityVersion = "Xcode 14.0";
			developmentRegion = zh_CN;
			hasScannedForEncodings = 0;
			knownRegions = (
				Base,
				en,
				zh_CN,
			);
			mainGroup = G10000000000000000000001;
			packageReferences = (
				P10000000000000000000001 /* XCRemoteSwiftPackageReference "Sparkle" */,
			);
			productRefGroup = G10000000000000000000008 /* Products */;
			projectDirPath = "";
			projectRoot = "";
			targets = (
				A10000000000000000000001 /* CodexQuotaView */,
				A10000000000000000000002 /* CodexQuotaViewCore */,
				A10000000000000000000003 /* CodexQuotaViewTests */,
				A10000000000000000000004 /* CodexQuotaViewWidgetExtension */,
				A10000000000000000000005 /* CodexQuotaViewActivityHook */,
			);
		};
/* End PBXProject section */

/* Begin PBXResourcesBuildPhase section */
		R10000000000000000000001 /* Resources */ = {
			isa = PBXResourcesBuildPhase;
			buildActionMask = 2147483647;
			files = (
				B10000000000000000000005 /* Assets.xcassets in Resources */,
				B10000000000000000000013 /* Fonts in Resources */,
			);
			runOnlyForDeploymentPostprocessing = 0;
		};
		R10000000000000000000002 /* Resources */ = {
			isa = PBXResourcesBuildPhase;
			buildActionMask = 2147483647;
			files = (
			);
			runOnlyForDeploymentPostprocessing = 0;
		};
		R10000000000000000000003 /* Resources */ = {
			isa = PBXResourcesBuildPhase;
			buildActionMask = 2147483647;
			files = (
			);
			runOnlyForDeploymentPostprocessing = 0;
		};
		R10000000000000000000004 /* Resources */ = {
			isa = PBXResourcesBuildPhase;
			buildActionMask = 2147483647;
			files = (
				B10000000000000000000022 /* Localizable.xcstrings in Resources */,
				B10000000000000000000024 /* Fonts in Resources */,
				B10000000000000000000025 /* WidgetAssets.xcassets in Resources */,
			);
			runOnlyForDeploymentPostprocessing = 0;
		};
		R10000000000000000000005 /* Resources */ = {
			isa = PBXResourcesBuildPhase;
			buildActionMask = 2147483647;
			files = (
			);
			runOnlyForDeploymentPostprocessing = 0;
		};
/* End PBXResourcesBuildPhase section */

/* Begin PBXSourcesBuildPhase section */
		S10000000000000000000001 /* Sources */ = {
			isa = PBXSourcesBuildPhase;
			buildActionMask = 2147483647;
			files = (
				B10000000000000000000001 /* CodexQuotaViewApp.swift in Sources */,
				B1000000000000000000002B /* AppUpdateController.swift in Sources */,
				B10000000000000000000002 /* CodexStatusStore.swift in Sources */,
				B10000000000000000000003 /* MenuBarView.swift in Sources */,
				B1000000000000000000000D /* AppPreferences.swift in Sources */,
				B1000000000000000000000E /* CodexTheme.swift in Sources */,
				B1000000000000000000000F /* SettingsView.swift in Sources */,
				B10000000000000000000010 /* MenuBarPanelController.swift in Sources */,
				B10000000000000000000011 /* AstaSansFont.swift in Sources */,
				B10000000000000000000012 /* CodexQuotaViewFigmaMenu.swift in Sources */,
				B10000000000000000000014 /* CodexQuotaViewFigmaResetMenu.swift in Sources */,
				B1000000000000000000001A /* CurrentCodexPresentation.swift in Sources */,
				B1000000000000000000001C /* CodexQuotaViewWidgetSnapshotWriter.swift in Sources */,
				B1000000000000000000001D /* WidgetSnapshot.swift in Sources */,
				B10000000000000000000027 /* CodexActivityRuntime.swift in Sources */,
				B10000000000000000000028 /* CodexActivityIsland.swift in Sources */,
			);
			runOnlyForDeploymentPostprocessing = 0;
		};
		S10000000000000000000002 /* Sources */ = {
			isa = PBXSourcesBuildPhase;
			buildActionMask = 2147483647;
			files = (
				B10000000000000000000006 /* CodexAppServerClient.swift in Sources */,
				B10000000000000000000007 /* CodexExecutableLocator.swift in Sources */,
				B10000000000000000000008 /* CodexModels.swift in Sources */,
				B10000000000000000000015 /* DomainModels.swift in Sources */,
				B10000000000000000000016 /* ProviderArchitecture.swift in Sources */,
				B10000000000000000000017 /* RefreshCoordinator.swift in Sources */,
				B10000000000000000000018 /* AccountOperations.swift in Sources */,
				B10000000000000000000019 /* CodexProviderAdapter.swift in Sources */,
				B10000000000000000000026 /* CodexActivityModels.swift in Sources */,
			);
			runOnlyForDeploymentPostprocessing = 0;
		};
		S10000000000000000000003 /* Sources */ = {
			isa = PBXSourcesBuildPhase;
			buildActionMask = 2147483647;
			files = (
				B10000000000000000000009 /* CodexAppServerClientTests.swift in Sources */,
				B1000000000000000000000A /* CodexModelsTests.swift in Sources */,
				B1000000000000000000001B /* ArchitectureTests.swift in Sources */,
			);
			runOnlyForDeploymentPostprocessing = 0;
		};
		S10000000000000000000004 /* Sources */ = {
			isa = PBXSourcesBuildPhase;
			buildActionMask = 2147483647;
			files = (
				B10000000000000000000023 /* AstaSansFont.swift in Sources */,
				B1000000000000000000001E /* WidgetSnapshot.swift in Sources */,
				B1000000000000000000001F /* CodexQuotaViewWidget.swift in Sources */,
			);
			runOnlyForDeploymentPostprocessing = 0;
		};
		S10000000000000000000005 /* Sources */ = {
			isa = PBXSourcesBuildPhase;
			buildActionMask = 2147483647;
			files = (
				B10000000000000000000029 /* main.swift in Sources */,
			);
			runOnlyForDeploymentPostprocessing = 0;
		};
/* End PBXSourcesBuildPhase section */

/* Begin PBXTargetDependency section */
		T10000000000000000000001 /* PBXTargetDependency */ = {
			isa = PBXTargetDependency;
			target = A10000000000000000000002 /* CodexQuotaViewCore */;
			targetProxy = C10000000000000000000001 /* PBXContainerItemProxy */;
		};
		T10000000000000000000002 /* PBXTargetDependency */ = {
			isa = PBXTargetDependency;
			target = A10000000000000000000002 /* CodexQuotaViewCore */;
			targetProxy = C10000000000000000000002 /* PBXContainerItemProxy */;
		};
		T10000000000000000000003 /* PBXTargetDependency */ = {
			isa = PBXTargetDependency;
			target = A10000000000000000000004 /* CodexQuotaViewWidgetExtension */;
			targetProxy = C10000000000000000000003 /* PBXContainerItemProxy */;
		};
		T10000000000000000000004 /* PBXTargetDependency */ = {
			isa = PBXTargetDependency;
			target = A10000000000000000000005 /* CodexQuotaViewActivityHook */;
			targetProxy = C10000000000000000000004 /* PBXContainerItemProxy */;
		};
/* End PBXTargetDependency section */

/* Begin XCBuildConfiguration section */
		X10000000000000000000001 /* Debug */ = {
			isa = XCBuildConfiguration;
			buildSettings = {
				DEBUG_INFORMATION_FORMAT = dwarf;
				ENABLE_TESTABILITY = YES;
				GCC_OPTIMIZATION_LEVEL = 0;
				ONLY_ACTIVE_ARCH = YES;
				SWIFT_ACTIVE_COMPILATION_CONDITIONS = DEBUG;
				SWIFT_OPTIMIZATION_LEVEL = "-Onone";
			};
			name = Debug;
		};
		X10000000000000000000002 /* Release */ = {
			isa = XCBuildConfiguration;
			buildSettings = {
				COPY_PHASE_STRIP = NO;
				DEBUG_INFORMATION_FORMAT = "dwarf-with-dsym";
				ENABLE_NS_ASSERTIONS = NO;
				SWIFT_COMPILATION_MODE = wholemodule;
				SWIFT_OPTIMIZATION_LEVEL = "-O";
			};
			name = Release;
		};
		X10000000000000000000003 /* Debug */ = {
			isa = XCBuildConfiguration;
			baseConfigurationReference = F1000000000000000000000A /* App.xcconfig */;
			buildSettings = {
			};
			name = Debug;
		};
		X10000000000000000000004 /* Release */ = {
			isa = XCBuildConfiguration;
			baseConfigurationReference = F1000000000000000000000A /* App.xcconfig */;
			buildSettings = {
			};
			name = Release;
		};
		X10000000000000000000005 /* Debug */ = {
			isa = XCBuildConfiguration;
			baseConfigurationReference = F1000000000000000000000B /* Core.xcconfig */;
			buildSettings = {
			};
			name = Debug;
		};
		X10000000000000000000006 /* Release */ = {
			isa = XCBuildConfiguration;
			baseConfigurationReference = F1000000000000000000000B /* Core.xcconfig */;
			buildSettings = {
			};
			name = Release;
		};
		X10000000000000000000007 /* Debug */ = {
			isa = XCBuildConfiguration;
			baseConfigurationReference = F1000000000000000000000C /* Tests.xcconfig */;
			buildSettings = {
			};
			name = Debug;
		};
		X10000000000000000000008 /* Release */ = {
			isa = XCBuildConfiguration;
			baseConfigurationReference = F1000000000000000000000C /* Tests.xcconfig */;
			buildSettings = {
			};
			name = Release;
		};
		X10000000000000000000009 /* Debug */ = {
			isa = XCBuildConfiguration;
			baseConfigurationReference = F10000000000000000000024 /* Widget.xcconfig */;
			buildSettings = {
			};
			name = Debug;
		};
		X1000000000000000000000A /* Release */ = {
			isa = XCBuildConfiguration;
			baseConfigurationReference = F10000000000000000000024 /* Widget.xcconfig */;
			buildSettings = {
			};
			name = Release;
		};
		X1000000000000000000000B /* Debug */ = {
			isa = XCBuildConfiguration;
			buildSettings = {
				ALWAYS_SEARCH_USER_PATHS = NO;
				CODE_SIGN_STYLE = Automatic;
				ENABLE_HARDENED_RUNTIME = YES;
				MACOSX_DEPLOYMENT_TARGET = 14.0;
				PRODUCT_NAME = "$(TARGET_NAME)";
				SDKROOT = macosx;
				SUPPORTED_PLATFORMS = macosx;
				SWIFT_VERSION = 5.0;
			};
			name = Debug;
		};
		X1000000000000000000000C /* Release */ = {
			isa = XCBuildConfiguration;
			buildSettings = {
				ALWAYS_SEARCH_USER_PATHS = NO;
				CODE_SIGN_STYLE = Automatic;
				ENABLE_HARDENED_RUNTIME = YES;
				MACOSX_DEPLOYMENT_TARGET = 14.0;
				PRODUCT_NAME = "$(TARGET_NAME)";
				SDKROOT = macosx;
				SUPPORTED_PLATFORMS = macosx;
				SWIFT_VERSION = 5.0;
			};
			name = Release;
		};
/* End XCBuildConfiguration section */

/* Begin XCConfigurationList section */
		L10000000000000000000001 /* Build configuration list for PBXProject "CodexQuotaView" */ = {
			isa = XCConfigurationList;
			buildConfigurations = (
				X10000000000000000000001 /* Debug */,
				X10000000000000000000002 /* Release */,
			);
			defaultConfigurationIsVisible = 0;
			defaultConfigurationName = Release;
		};
		L10000000000000000000002 /* Build configuration list for PBXNativeTarget "CodexQuotaView" */ = {
			isa = XCConfigurationList;
			buildConfigurations = (
				X10000000000000000000003 /* Debug */,
				X10000000000000000000004 /* Release */,
			);
			defaultConfigurationIsVisible = 0;
			defaultConfigurationName = Release;
		};
		L10000000000000000000003 /* Build configuration list for PBXNativeTarget "CodexQuotaViewCore" */ = {
			isa = XCConfigurationList;
			buildConfigurations = (
				X10000000000000000000005 /* Debug */,
				X10000000000000000000006 /* Release */,
			);
			defaultConfigurationIsVisible = 0;
			defaultConfigurationName = Release;
		};
		L10000000000000000000004 /* Build configuration list for PBXNativeTarget "CodexQuotaViewTests" */ = {
			isa = XCConfigurationList;
			buildConfigurations = (
				X10000000000000000000007 /* Debug */,
				X10000000000000000000008 /* Release */,
			);
			defaultConfigurationIsVisible = 0;
			defaultConfigurationName = Release;
		};
		L10000000000000000000005 /* Build configuration list for PBXNativeTarget "CodexQuotaViewWidgetExtension" */ = {
			isa = XCConfigurationList;
			buildConfigurations = (
				X10000000000000000000009 /* Debug */,
				X1000000000000000000000A /* Release */,
			);
			defaultConfigurationIsVisible = 0;
			defaultConfigurationName = Release;
		};
		L10000000000000000000006 /* Build configuration list for PBXNativeTarget "CodexQuotaViewActivityHook" */ = {
			isa = XCConfigurationList;
			buildConfigurations = (
				X1000000000000000000000B /* Debug */,
				X1000000000000000000000C /* Release */,
			);
			defaultConfigurationIsVisible = 0;
			defaultConfigurationName = Release;
		};
/* End XCConfigurationList section */

/* Begin XCRemoteSwiftPackageReference section */
		P10000000000000000000001 /* XCRemoteSwiftPackageReference "Sparkle" */ = {
			isa = XCRemoteSwiftPackageReference;
			repositoryURL = "https://github.com/sparkle-project/Sparkle";
			requirement = {
				kind = exactVersion;
				version = 2.9.2;
			};
		};
/* End XCRemoteSwiftPackageReference section */

/* Begin XCSwiftPackageProductDependency section */
		P20000000000000000000001 /* Sparkle */ = {
			isa = XCSwiftPackageProductDependency;
			package = P10000000000000000000001 /* XCRemoteSwiftPackageReference "Sparkle" */;
			productName = Sparkle;
		};
/* End XCSwiftPackageProductDependency section */
	};
	rootObject = E10000000000000000000001 /* Project object */;
}
